PODS:
  - YSRouter (0.0.1):
    - YSRouter/no-arc (= 0.0.1)
  - YSRouter/no-arc (0.0.1)

DEPENDENCIES:
  - YSRouter (from `../`)

EXTERNAL SOURCES:
  YSRouter:
    :path: "../"

SPEC CHECKSUMS:
  YSRouter: 10fb6ba405f155b682b54ebe5ece86355541f8fc

PODFILE CHECKSUM: cf73c4cc5a2ef86102e8e985b1f3c47602339365

COCOAPODS: 1.2.1
